
Microsoft Visual Studio Solution File, Format Version 12.00
Project("{FAE04EC0-301F-11D3-BF4B-00C04F79EFBC}") = "Blog.Api", "Blog.Api\Blog.Api.csproj", "{37830B49-6C2F-4B25-AA29-0CE1DD6BE5E4}"
EndProject
Project("{FAE04EC0-301F-11D3-BF4B-00C04F79EFBC}") = "Blog.Domain", "Blog.Domain\Blog.Domain.csproj", "{6B92E029-AFC1-40FB-9147-7BA91643DA25}"
EndProject
Project("{2150E333-8FDC-42A3-9474-1A3956D46DE8}") = "src", "src", "{1E189260-4E83-45A9-AFB9-D5FCC233AD89}"
EndProject
Project("{2150E333-8FDC-42A3-9474-1A3956D46DE8}") = "tests", "tests", "{9311F702-F2A7-4F17-8B73-B82D5EB02D22}"
EndProject
Project("{FAE04EC0-301F-11D3-BF4B-00C04F79EFBC}") = "Blog.Infrastructure", "Blog.Infrastructure\Blog.Infrastructure.csproj", "{430AF294-75E8-41D7-8970-3BB7ECEF9155}"
EndProject
Project("{FAE04EC0-301F-11D3-BF4B-00C04F79EFBC}") = "Blog.Application", "Blog.Application\Blog.Application.csproj", "{4A27620D-3306-4E2B-ACEC-759F96C977DD}"
EndProject
Global
	GlobalSection(SolutionConfigurationPlatforms) = preSolution
		Debug|Any CPU = Debug|Any CPU
		Release|Any CPU = Release|Any CPU
	EndGlobalSection
	GlobalSection(ProjectConfigurationPlatforms) = postSolution
		{37830B49-6C2F-4B25-AA29-0CE1DD6BE5E4}.Debug|Any CPU.ActiveCfg = Debug|Any CPU
		{37830B49-6C2F-4B25-AA29-0CE1DD6BE5E4}.Debug|Any CPU.Build.0 = Debug|Any CPU
		{37830B49-6C2F-4B25-AA29-0CE1DD6BE5E4}.Release|Any CPU.ActiveCfg = Release|Any CPU
		{37830B49-6C2F-4B25-AA29-0CE1DD6BE5E4}.Release|Any CPU.Build.0 = Release|Any CPU
		{6B92E029-AFC1-40FB-9147-7BA91643DA25}.Debug|Any CPU.ActiveCfg = Debug|Any CPU
		{6B92E029-AFC1-40FB-9147-7BA91643DA25}.Debug|Any CPU.Build.0 = Debug|Any CPU
		{6B92E029-AFC1-40FB-9147-7BA91643DA25}.Release|Any CPU.ActiveCfg = Release|Any CPU
		{6B92E029-AFC1-40FB-9147-7BA91643DA25}.Release|Any CPU.Build.0 = Release|Any CPU
		{430AF294-75E8-41D7-8970-3BB7ECEF9155}.Debug|Any CPU.ActiveCfg = Debug|Any CPU
		{430AF294-75E8-41D7-8970-3BB7ECEF9155}.Debug|Any CPU.Build.0 = Debug|Any CPU
		{430AF294-75E8-41D7-8970-3BB7ECEF9155}.Release|Any CPU.ActiveCfg = Release|Any CPU
		{430AF294-75E8-41D7-8970-3BB7ECEF9155}.Release|Any CPU.Build.0 = Release|Any CPU
		{4A27620D-3306-4E2B-ACEC-759F96C977DD}.Debug|Any CPU.ActiveCfg = Debug|Any CPU
		{4A27620D-3306-4E2B-ACEC-759F96C977DD}.Debug|Any CPU.Build.0 = Debug|Any CPU
		{4A27620D-3306-4E2B-ACEC-759F96C977DD}.Release|Any CPU.ActiveCfg = Release|Any CPU
		{4A27620D-3306-4E2B-ACEC-759F96C977DD}.Release|Any CPU.Build.0 = Release|Any CPU
	EndGlobalSection
	GlobalSection(NestedProjects) = preSolution
		{37830B49-6C2F-4B25-AA29-0CE1DD6BE5E4} = {1E189260-4E83-45A9-AFB9-D5FCC233AD89}
		{6B92E029-AFC1-40FB-9147-7BA91643DA25} = {1E189260-4E83-45A9-AFB9-D5FCC233AD89}
		{430AF294-75E8-41D7-8970-3BB7ECEF9155} = {1E189260-4E83-45A9-AFB9-D5FCC233AD89}
		{4A27620D-3306-4E2B-ACEC-759F96C977DD} = {1E189260-4E83-45A9-AFB9-D5FCC233AD89}
	EndGlobalSection
EndGlobal
